
Microsoft Visual Studio Solution File, Format Version 12.00
# Visual Studio Version 17
VisualStudioVersion = 17.5.33516.290
MinimumVisualStudioVersion = 10.0.40219.1
Project("{FAE04EC0-301F-11D3-BF4B-00C04F79EFBC}") = "typeConversion", "typeConversion\typeConversion.csproj", "{BFBC95B5-9DF3-4633-BDA8-2918943FA605}"
EndProject
Global
	GlobalSection(SolutionConfigurationPlatforms) = preSolution
		Debug|Any CPU = Debug|Any CPU
		Release|Any CPU = Release|Any CPU
	EndGlobalSection
	GlobalSection(ProjectConfigurationPlatforms) = postSolution
		{BFBC95B5-9DF3-4633-BDA8-2918943FA605}.Debug|Any CPU.ActiveCfg = Debug|Any CPU
		{BFBC95B5-9DF3-4633-BDA8-2918943FA605}.Debug|Any CPU.Build.0 = Debug|Any CPU
		{BFBC95B5-9DF3-4633-BDA8-2918943FA605}.Release|Any CPU.ActiveCfg = Release|Any CPU
		{BFBC95B5-9DF3-4633-BDA8-2918943FA605}.Release|Any CPU.Build.0 = Release|Any CPU
	EndGlobalSection
	GlobalSection(SolutionProperties) = preSolution
		HideSolutionNode = FALSE
	EndGlobalSection
	GlobalSection(ExtensibilityGlobals) = postSolution
		SolutionGuid = {1C0304F8-167E-4BD0-8048-0E0DF24C3261}
	EndGlobalSection
EndGlobal
